
Microsoft Visual Studio Solution File, Format Version 12.00
# Visual Studio Version 16
VisualStudioVersion = 16.0.30517.126
MinimumVisualStudioVersion = 10.0.40219.1
Project("{FAE04EC0-301F-11D3-BF4B-00C04F79EFBC}") = "DA3Last", "DA3Last.csproj", "{6BB2711B-146B-4D9F-9913-B4103CD0660C}"
EndProject
Global
	GlobalSection(SolutionConfigurationPlatforms) = preSolution
		Debug|Any CPU = Debug|Any CPU
		Release|Any CPU = Release|Any CPU
	EndGlobalSection
	GlobalSection(ProjectConfigurationPlatforms) = postSolution
		{6BB2711B-146B-4D9F-9913-B4103CD0660C}.Debug|Any CPU.ActiveCfg = Debug|Any CPU
		{6BB2711B-146B-4D9F-9913-B4103CD0660C}.Debug|Any CPU.Build.0 = Debug|Any CPU
		{6BB2711B-146B-4D9F-9913-B4103CD0660C}.Release|Any CPU.ActiveCfg = Release|Any CPU
		{6BB2711B-146B-4D9F-9913-B4103CD0660C}.Release|Any CPU.Build.0 = Release|Any CPU
	EndGlobalSection
	GlobalSection(SolutionProperties) = preSolution
		HideSolutionNode = FALSE
	EndGlobalSection
	GlobalSection(ExtensibilityGlobals) = postSolution
		SolutionGuid = {8FDDB6DE-1757-4151-A1FB-680DC296BBDD}
	EndGlobalSection
EndGlobal
